
Microsoft Visual Studio Solution File, Format Version 12.00
# Visual Studio 15
VisualStudioVersion = 15.0.28307.168
MinimumVisualStudioVersion = 10.0.40219.1
Project("{FAE04EC0-301F-11D3-BF4B-00C04F79EFBC}") = "SimpleInject", "SimpleInject\SimpleInject.csproj", "{CFDD7040-EE94-4202-8E75-99E6368EE909}"
EndProject
Global
	GlobalSection(SolutionConfigurationPlatforms) = preSolution
		Debug|Any CPU = Debug|Any CPU
		Debug|x64 = Debug|x64
		Release|Any CPU = Release|Any CPU
		Release|x64 = Release|x64
	EndGlobalSection
	GlobalSection(ProjectConfigurationPlatforms) = postSolution
		{CFDD7040-EE94-4202-8E75-99E6368EE909}.Debug|Any CPU.ActiveCfg = Debug|Any CPU
		{CFDD7040-EE94-4202-8E75-99E6368EE909}.Debug|Any CPU.Build.0 = Debug|Any CPU
		{CFDD7040-EE94-4202-8E75-99E6368EE909}.Debug|x64.ActiveCfg = Debug|x64
		{CFDD7040-EE94-4202-8E75-99E6368EE909}.Debug|x64.Build.0 = Debug|x64
		{CFDD7040-EE94-4202-8E75-99E6368EE909}.Release|Any CPU.ActiveCfg = Release|Any CPU
		{CFDD7040-EE94-4202-8E75-99E6368EE909}.Release|Any CPU.Build.0 = Release|Any CPU
		{CFDD7040-EE94-4202-8E75-99E6368EE909}.Release|x64.ActiveCfg = Release|x64
		{CFDD7040-EE94-4202-8E75-99E6368EE909}.Release|x64.Build.0 = Release|x64
	EndGlobalSection
	GlobalSection(SolutionProperties) = preSolution
		HideSolutionNode = FALSE
	EndGlobalSection
	GlobalSection(ExtensibilityGlobals) = postSolution
		SolutionGuid = {4AF2F310-496A-44B4-8CC5-B8102B2E561A}
	EndGlobalSection
EndGlobal
